// !$*UTF8*$!
{
	archiveVersion = 1;
	classes = {
	};
	objectVersion = 51;
	objects = {

/* Begin PBXBuildFile section */
		2FF78087D4128453412E32AE /* Pods_FlixTests.framework in Frameworks */ = {isa = PBXBuildFile; fileRef = 8C5F66052EE5063A335096C3 /* Pods_FlixTests.framework */; };
		8DC9BEAD9F11667188DA437C /* Pods_Flix_FlixUITests.framework in Frameworks */ = {isa = PBXBuildFile; fileRef = 68B59151046F8F63AEE13B87 /* Pods_Flix_FlixUITests.framework */; };
		B24A51332358D8F8007300A5 /* AppDelegate.swift in Sources */ = {isa = PBXBuildFile; fileRef = B24A51322358D8F8007300A5 /* AppDelegate.swift */; };
		B24A51352358D8F8007300A5 /* SceneDelegate.swift in Sources */ = {isa = PBXBuildFile; fileRef = B24A51342358D8F8007300A5 /* SceneDelegate.swift */; };
		B24A513A2358D8F8007300A5 /* Main.storyboard in Resources */ = {isa = PBXBuildFile; fileRef = B24A51382358D8F8007300A5 /* Main.storyboard */; };
		B24A513C2358D8FB007300A5 /* Assets.xcassets in Resources */ = {isa = PBXBuildFile; fileRef = B24A513B2358D8FB007300A5 /* Assets.xcassets */; };
		B24A513F2358D8FB007300A5 /* LaunchScreen.storyboard in Resources */ = {isa = PBXBuildFile; fileRef = B24A513D2358D8FB007300A5 /* LaunchScreen.storyboard */; };
		B24A514A2358D8FB007300A5 /* FlixTests.swift in Sources */ = {isa = PBXBuildFile; fileRef = B24A51492358D8FB007300A5 /* FlixTests.swift */; };
		B24A51552358D8FB007300A5 /* FlixUITests.swift in Sources */ = {isa = PBXBuildFile; fileRef = B24A51542358D8FB007300A5 /* FlixUITests.swift */; };
		B24A51652358DA69007300A5 /* MoviesViewController.swift in Sources */ = {isa = PBXBuildFile; fileRef = B24A51642358DA69007300A5 /* MoviesViewController.swift */; };
		B24A51672358F522007300A5 /* MovieCell.swift in Sources */ = {isa = PBXBuildFile; fileRef = B24A51662358F522007300A5 /* MovieCell.swift */; };
		B25B016E2362987600562EFD /* SuperheroDetailsViewController.swift in Sources */ = {isa = PBXBuildFile; fileRef = B25B016D2362987600562EFD /* SuperheroDetailsViewController.swift */; };
		B287AA4C235D4655002874D7 /* MovieDetailsViewController.swift in Sources */ = {isa = PBXBuildFile; fileRef = B287AA4B235D4655002874D7 /* MovieDetailsViewController.swift */; };
		B287AA6E235FE90C002874D7 /* MovieGridViewController.swift in Sources */ = {isa = PBXBuildFile; fileRef = B287AA6D235FE90C002874D7 /* MovieGridViewController.swift */; };
		B287AA70235FFDA4002874D7 /* MovieGridCell.swift in Sources */ = {isa = PBXBuildFile; fileRef = B287AA6F235FFDA4002874D7 /* MovieGridCell.swift */; };
		D9EF2EC79354AAAC1C71EC87 /* Pods_Flix.framework in Frameworks */ = {isa = PBXBuildFile; fileRef = D92CEA3DD1F70A8D0F4E8C29 /* Pods_Flix.framework */; };
/* End PBXBuildFile section */

/* Begin PBXContainerItemProxy section */
		B24A51462358D8FB007300A5 /* PBXContainerItemProxy */ = {
			isa = PBXContainerItemProxy;
			containerPortal = B24A51272358D8F8007300A5 /* Project object */;
			proxyType = 1;
			remoteGlobalIDString = B24A512E2358D8F8007300A5;
			remoteInfo = Flix;
		};
		B24A51512358D8FB007300A5 /* PBXContainerItemProxy */ = {
			isa = PBXContainerItemProxy;
			containerPortal = B24A51272358D8F8007300A5 /* Project object */;
			proxyType = 1;
			remoteGlobalIDString = B24A512E2358D8F8007300A5;
			remoteInfo = Flix;
		};
/* End PBXContainerItemProxy section */

/* Begin PBXFileReference section */
		501C54520B2F9A92A269A025 /* Pods-Flix.release.xcconfig */ = {isa = PBXFileReference; includeInIndex = 1; lastKnownFileType = text.xcconfig; name = "Pods-Flix.release.xcconfig"; path = "Target Support Files/Pods-Flix/Pods-Flix.release.xcconfig"; sourceTree = "<group>"; };
		68B59151046F8F63AEE13B87 /* Pods_Flix_FlixUITests.framework */ = {isa = PBXFileReference; explicitFileType = wrapper.framework; includeInIndex = 0; path = Pods_Flix_FlixUITests.framework; sourceTree = BUILT_PRODUCTS_DIR; };
		8C5F66052EE5063A335096C3 /* Pods_FlixTests.framework */ = {isa = PBXFileReference; explicitFileType = wrapper.framework; includeInIndex = 0; path = Pods_FlixTests.framework; sourceTree = BUILT_PRODUCTS_DIR; };
		944040C064718879A26845AA /* Pods-Flix.debug.xcconfig */ = {isa = PBXFileReference; includeInIndex = 1; lastKnownFileType = text.xcconfig; name = "Pods-Flix.debug.xcconfig"; path = "Target Support Files/Pods-Flix/Pods-Flix.debug.xcconfig"; sourceTree = "<group>"; };
		962B6B3F43E8594503E85EDE /* Pods-Flix-FlixUITests.debug.xcconfig */ = {isa = PBXFileReference; includeInIndex = 1; lastKnownFileType = text.xcconfig; name = "Pods-Flix-FlixUITests.debug.xcconfig"; path = "Target Support Files/Pods-Flix-FlixUITests/Pods-Flix-FlixUITests.debug.xcconfig"; sourceTree = "<group>"; };
		B24A512F2358D8F8007300A5 /* Flix.app */ = {isa = PBXFileReference; explicitFileType = wrapper.application; includeInIndex = 0; path = Flix.app; sourceTree = BUILT_PRODUCTS_DIR; };
		B24A51322358D8F8007300A5 /* AppDelegate.swift */ = {isa = PBXFileReference; lastKnownFileType = sourcecode.swift; path = AppDelegate.swift; sourceTree = "<group>"; };
		B24A51342358D8F8007300A5 /* SceneDelegate.swift */ = {isa = PBXFileReference; lastKnownFileType = sourcecode.swift; path = SceneDelegate.swift; sourceTree = "<group>"; };
		B24A51392358D8F8007300A5 /* Base */ = {isa = PBXFileReference; lastKnownFileType = file.storyboard; name = Base; path = Base.lproj/Main.storyboard; sourceTree = "<group>"; };
		B24A513B2358D8FB007300A5 /* Assets.xcassets */ = {isa = PBXFileReference; lastKnownFileType = folder.assetcatalog; path = Assets.xcassets; sourceTree = "<group>"; };
		B24A513E2358D8FB007300A5 /* Base */ = {isa = PBXFileReference; lastKnownFileType = file.storyboard; name = Base; path = Base.lproj/LaunchScreen.storyboard; sourceTree = "<group>"; };
		B24A51402358D8FB007300A5 /* Info.plist */ = {isa = PBXFileReference; lastKnownFileType = text.plist.xml; path = Info.plist; sourceTree = "<group>"; };
		B24A51452358D8FB007300A5 /* FlixTests.xctest */ = {isa = PBXFileReference; explicitFileType = wrapper.cfbundle; includeInIndex = 0; path = FlixTests.xctest; sourceTree = BUILT_PRODUCTS_DIR; };
		B24A51492358D8FB007300A5 /* FlixTests.swift */ = {isa = PBXFileReference; lastKnownFileType = sourcecode.swift; path = FlixTests.swift; sourceTree = "<group>"; };
		B24A514B2358D8FB007300A5 /* Info.plist */ = {isa = PBXFileReference; lastKnownFileType = text.plist.xml; path = Info.plist; sourceTree = "<group>"; };
		B24A51502358D8FB007300A5 /* FlixUITests.xctest */ = {isa = PBXFileReference; explicitFileType = wrapper.cfbundle; includeInIndex = 0; path = FlixUITests.xctest; sourceTree = BUILT_PRODUCTS_DIR; };
		B24A51542358D8FB007300A5 /* FlixUITests.swift */ = {isa = PBXFileReference; lastKnownFileType = sourcecode.swift; path = FlixUITests.swift; sourceTree = "<group>"; };
		B24A51562358D8FB007300A5 /* Info.plist */ = {isa = PBXFileReference; lastKnownFileType = text.plist.xml; path = Info.plist; sourceTree = "<group>"; };
		B24A51642358DA69007300A5 /* MoviesViewController.swift */ = {isa = PBXFileReference; lastKnownFileType = sourcecode.swift; path = MoviesViewController.swift; sourceTree = "<group>"; };
		B24A51662358F522007300A5 /* MovieCell.swift */ = {isa = PBXFileReference; lastKnownFileType = sourcecode.swift; path = MovieCell.swift; sourceTree = "<group>"; };
		B25B016D2362987600562EFD /* SuperheroDetailsViewController.swift */ = {isa = PBXFileReference; lastKnownFileType = sourcecode.swift; path = SuperheroDetailsViewController.swift; sourceTree = "<group>"; };
		B287AA4B235D4655002874D7 /* MovieDetailsViewController.swift */ = {isa = PBXFileReference; lastKnownFileType = sourcecode.swift; path = MovieDetailsViewController.swift; sourceTree = "<group>"; };
		B287AA6D235FE90C002874D7 /* MovieGridViewController.swift */ = {isa = PBXFileReference; lastKnownFileType = sourcecode.swift; path = MovieGridViewController.swift; sourceTree = "<group>"; };
		B287AA6F235FFDA4002874D7 /* MovieGridCell.swift */ = {isa = PBXFileReference; lastKnownFileType = sourcecode.swift; path = MovieGridCell.swift; sourceTree = "<group>"; };
		CD9674484DE30D97A44929C4 /* Pods-FlixTests.release.xcconfig */ = {isa = PBXFileReference; includeInIndex = 1; lastKnownFileType = text.xcconfig; name = "Pods-FlixTests.release.xcconfig"; path = "Target Support Files/Pods-FlixTests/Pods-FlixTests.release.xcconfig"; sourceTree = "<group>"; };
		CFE7872563E28E3694921C24 /* Pods-Flix-FlixUITests.release.xcconfig */ = {isa = PBXFileReference; includeInIndex = 1; lastKnownFileType = text.xcconfig; name = "Pods-Flix-FlixUITests.release.xcconfig"; path = "Target Support Files/Pods-Flix-FlixUITests/Pods-Flix-FlixUITests.release.xcconfig"; sourceTree = "<group>"; };
		D819F18930D404FE043E61F5 /* Pods-FlixTests.debug.xcconfig */ = {isa = PBXFileReference; includeInIndex = 1; lastKnownFileType = text.xcconfig; name = "Pods-FlixTests.debug.xcconfig"; path = "Target Support Files/Pods-FlixTests/Pods-FlixTests.debug.xcconfig"; sourceTree = "<group>"; };
		D92CEA3DD1F70A8D0F4E8C29 /* Pods_Flix.framework */ = {isa = PBXFileReference; explicitFileType = wrapper.framework; includeInIndex = 0; path = Pods_Flix.framework; sourceTree = BUILT_PRODUCTS_DIR; };
/* End PBXFileReference section */

/* Begin PBXFrameworksBuildPhase section */
		B24A512C2358D8F8007300A5 /* Frameworks */ = {
			isa = PBXFrameworksBuildPhase;
			buildActionMask = 2147483647;
			files = (
				D9EF2EC79354AAAC1C71EC87 /* Pods_Flix.framework in Frameworks */,
			);
			runOnlyForDeploymentPostprocessing = 0;
		};
		B24A51422358D8FB007300A5 /* Frameworks */ = {
			isa = PBXFrameworksBuildPhase;
			buildActionMask = 2147483647;
			files = (
				2FF78087D4128453412E32AE /* Pods_FlixTests.framework in Frameworks */,
			);
			runOnlyForDeploymentPostprocessing = 0;
		};
		B24A514D2358D8FB007300A5 /* Frameworks */ = {
			isa = PBXFrameworksBuildPhase;
			buildActionMask = 2147483647;
			files = (
				8DC9BEAD9F11667188DA437C /* Pods_Flix_FlixUITests.framework in Frameworks */,
			);
			runOnlyForDeploymentPostprocessing = 0;
		};
/* End PBXFrameworksBuildPhase section */

/* Begin PBXGroup section */
		B24A51262358D8F8007300A5 = {
			isa = PBXGroup;
			children = (
				B24A51312358D8F8007300A5 /* Flix */,
				B24A51482358D8FB007300A5 /* FlixTests */,
				B24A51532358D8FB007300A5 /* FlixUITests */,
				B24A51302358D8F8007300A5 /* Products */,
				E7F4870A4161E8651E9AA285 /* Pods */,
				FCBDED5BDA40B05CE816195C /* Frameworks */,
			);
			sourceTree = "<group>";
		};
		B24A51302358D8F8007300A5 /* Products */ = {
			isa = PBXGroup;
			children = (
				B24A512F2358D8F8007300A5 /* Flix.app */,
				B24A51452358D8FB007300A5 /* FlixTests.xctest */,
				B24A51502358D8FB007300A5 /* FlixUITests.xctest */,
			);
			name = Products;
			sourceTree = "<group>";
		};
		B24A51312358D8F8007300A5 /* Flix */ = {
			isa = PBXGroup;
			children = (
				B24A51322358D8F8007300A5 /* AppDelegate.swift */,
				B24A51342358D8F8007300A5 /* SceneDelegate.swift */,
				B24A51382358D8F8007300A5 /* Main.storyboard */,
				B24A513B2358D8FB007300A5 /* Assets.xcassets */,
				B24A513D2358D8FB007300A5 /* LaunchScreen.storyboard */,
				B24A51402358D8FB007300A5 /* Info.plist */,
				B24A51642358DA69007300A5 /* MoviesViewController.swift */,
				B24A51662358F522007300A5 /* MovieCell.swift */,
				B287AA4B235D4655002874D7 /* MovieDetailsViewController.swift */,
				B287AA6D235FE90C002874D7 /* MovieGridViewController.swift */,
				B287AA6F235FFDA4002874D7 /* MovieGridCell.swift */,
				B25B016D2362987600562EFD /* SuperheroDetailsViewController.swift */,
			);
			path = Flix;
			sourceTree = "<group>";
		};
		B24A51482358D8FB007300A5 /* FlixTests */ = {
			isa = PBXGroup;
			children = (
				B24A51492358D8FB007300A5 /* FlixTests.swift */,
				B24A514B2358D8FB007300A5 /* Info.plist */,
			);
			path = FlixTests;
			sourceTree = "<group>";
		};
		B24A51532358D8FB007300A5 /* FlixUITests */ = {
			isa = PBXGroup;
			children = (
				B24A51542358D8FB007300A5 /* FlixUITests.swift */,
				B24A51562358D8FB007300A5 /* Info.plist */,
			);
			path = FlixUITests;
			sourceTree = "<group>";
		};
		E7F4870A4161E8651E9AA285 /* Pods */ = {
			isa = PBXGroup;
			children = (
				944040C064718879A26845AA /* Pods-Flix.debug.xcconfig */,
				501C54520B2F9A92A269A025 /* Pods-Flix.release.xcconfig */,
				962B6B3F43E8594503E85EDE /* Pods-Flix-FlixUITests.debug.xcconfig */,
				CFE7872563E28E3694921C24 /* Pods-Flix-FlixUITests.release.xcconfig */,
				D819F18930D404FE043E61F5 /* Pods-FlixTests.debug.xcconfig */,
				CD9674484DE30D97A44929C4 /* Pods-FlixTests.release.xcconfig */,
			);
			path = Pods;
			sourceTree = "<group>";
		};
		FCBDED5BDA40B05CE816195C /* Frameworks */ = {
			isa = PBXGroup;
			children = (
				D92CEA3DD1F70A8D0F4E8C29 /* Pods_Flix.framework */,
				68B59151046F8F63AEE13B87 /* Pods_Flix_FlixUITests.framework */,
				8C5F66052EE5063A335096C3 /* Pods_FlixTests.framework */,
			);
			name = Frameworks;
			sourceTree = "<group>";
		};
/* End PBXGroup section */

/* Begin PBXNativeTarget section */
		B24A512E2358D8F8007300A5 /* Flix */ = {
			isa = PBXNativeTarget;
			buildConfigurationList = B24A51592358D8FB007300A5 /* Build configuration list for PBXNativeTarget "Flix" */;
			buildPhases = (
				1A9AA814E2ABE2135C1D8468 /* [CP] Check Pods Manifest.lock */,
				B24A512B2358D8F8007300A5 /* Sources */,
				B24A512C2358D8F8007300A5 /* Frameworks */,
				B24A512D2358D8F8007300A5 /* Resources */,
				292D1A6D2F9837084779C2E3 /* [CP] Embed Pods Frameworks */,
			);
			buildRules = (
			);
			dependencies = (
			);
			name = Flix;
			productName = Flix;
			productReference = B24A512F2358D8F8007300A5 /* Flix.app */;
			productType = "com.apple.product-type.application";
		};
		B24A51442358D8FB007300A5 /* FlixTests */ = {
			isa = PBXNativeTarget;
			buildConfigurationList = B24A515C2358D8FB007300A5 /* Build configuration list for PBXNativeTarget "FlixTests" */;
			buildPhases = (
				7E97D383C7B97FC37C44F65B /* [CP] Check Pods Manifest.lock */,
				B24A51412358D8FB007300A5 /* Sources */,
				B24A51422358D8FB007300A5 /* Frameworks */,
				B24A51432358D8FB007300A5 /* Resources */,
			);
			buildRules = (
			);
			dependencies = (
				B24A51472358D8FB007300A5 /* PBXTargetDependency */,
			);
			name = FlixTests;
			productName = FlixTests;
			productReference = B24A51452358D8FB007300A5 /* FlixTests.xctest */;
			productType = "com.apple.product-type.bundle.unit-test";
		};
		B24A514F2358D8FB007300A5 /* FlixUITests */ = {
			isa = PBXNativeTarget;
			buildConfigurationList = B24A515F2358D8FB007300A5 /* Build configuration list for PBXNativeTarget "FlixUITests" */;
			buildPhases = (
				0384EBE2BCF1C7A774CD05CC /* [CP] Check Pods Manifest.lock */,
				B24A514C2358D8FB007300A5 /* Sources */,
				B24A514D2358D8FB007300A5 /* Frameworks */,
				B24A514E2358D8FB007300A5 /* Resources */,
				2E392212359AE48E009DE05A /* [CP] Embed Pods Frameworks */,
			);
			buildRules = (
			);
			dependencies = (
				B24A51522358D8FB007300A5 /* PBXTargetDependency */,
			);
			name = FlixUITests;
			productName = FlixUITests;
			productReference = B24A51502358D8FB007300A5 /* FlixUITests.xctest */;
			productType = "com.apple.product-type.bundle.ui-testing";
		};
/* End PBXNativeTarget section */

/* Begin PBXProject section */
		B24A51272358D8F8007300A5 /* Project object */ = {
			isa = PBXProject;
			attributes = {
				LastSwiftUpdateCheck = 1110;
				LastUpgradeCheck = 1110;
				ORGANIZATIONNAME = "Abdison Salami";
				TargetAttributes = {
					B24A512E2358D8F8007300A5 = {
						CreatedOnToolsVersion = 11.1;
					};
					B24A51442358D8FB007300A5 = {
						CreatedOnToolsVersion = 11.1;
						TestTargetID = B24A512E2358D8F8007300A5;
					};
					B24A514F2358D8FB007300A5 = {
						CreatedOnToolsVersion = 11.1;
						TestTargetID = B24A512E2358D8F8007300A5;
					};
				};
			};
			buildConfigurationList = B24A512A2358D8F8007300A5 /* Build configuration list for PBXProject "Flix" */;
			compatibilityVersion = "Xcode 9.3";
			developmentRegion = en;
			hasScannedForEncodings = 0;
			knownRegions = (
				en,
				Base,
			);
			mainGroup = B24A51262358D8F8007300A5;
			productRefGroup = B24A51302358D8F8007300A5 /* Products */;
			projectDirPath = "";
			projectRoot = "";
			targets = (
				B24A512E2358D8F8007300A5 /* Flix */,
				B24A51442358D8FB007300A5 /* FlixTests */,
				B24A514F2358D8FB007300A5 /* FlixUITests */,
			);
		};
/* End PBXProject section */

/* Begin PBXResourcesBuildPhase section */
		B24A512D2358D8F8007300A5 /* Resources */ = {
			isa = PBXResourcesBuildPhase;
			buildActionMask = 2147483647;
			files = (
				B24A513F2358D8FB007300A5 /* LaunchScreen.storyboard in Resources */,
				B24A513C2358D8FB007300A5 /* Assets.xcassets in Resources */,
				B24A513A2358D8F8007300A5 /* Main.storyboard in Resources */,
			);
			runOnlyForDeploymentPostprocessing = 0;
		};
		B24A51432358D8FB007300A5 /* Resources */ = {
			isa = PBXResourcesBuildPhase;
			buildActionMask = 2147483647;
			files = (
			);
			runOnlyForDeploymentPostprocessing = 0;
		};
		B24A514E2358D8FB007300A5 /* Resources */ = {
			isa = PBXResourcesBuildPhase;
			buildActionMask = 2147483647;
			files = (
			);
			runOnlyForDeploymentPostprocessing = 0;
		};
/* End PBXResourcesBuildPhase section */

/* Begin PBXShellScriptBuildPhase section */
		0384EBE2BCF1C7A774CD05CC /* [CP] Check Pods Manifest.lock */ = {
			isa = PBXShellScriptBuildPhase;
			buildActionMask = 2147483647;
			files = (
			);
			inputFileListPaths = (
			);
			inputPaths = (
				"${PODS_PODFILE_DIR_PATH}/Podfile.lock",
				"${PODS_ROOT}/Manifest.lock",
			);
			name = "[CP] Check Pods Manifest.lock";
			outputFileListPaths = (
			);
			outputPaths = (
				"$(DERIVED_FILE_DIR)/Pods-Flix-FlixUITests-checkManifestLockResult.txt",
			);
			runOnlyForDeploymentPostprocessing = 0;
			shellPath = /bin/sh;
			shellScript = "diff \"${PODS_PODFILE_DIR_PATH}/Podfile.lock\" \"${PODS_ROOT}/Manifest.lock\" > /dev/null\nif [ $? != 0 ] ; then\n    # print error to STDERR\n    echo \"error: The sandbox is not in sync with the Podfile.lock. Run 'pod install' or update your CocoaPods installation.\" >&2\n    exit 1\nfi\n# This output is used by Xcode 'outputs' to avoid re-running this script phase.\necho \"SUCCESS\" > \"${SCRIPT_OUTPUT_FILE_0}\"\n";
			showEnvVarsInLog = 0;
		};
		1A9AA814E2ABE2135C1D8468 /* [CP] Check Pods Manifest.lock */ = {
			isa = PBXShellScriptBuildPhase;
			buildActionMask = 2147483647;
			files = (
			);
			inputFileListPaths = (
			);
			inputPaths = (
				"${PODS_PODFILE_DIR_PATH}/Podfile.lock",
				"${PODS_ROOT}/Manifest.lock",
			);
			name = "[CP] Check Pods Manifest.lock";
			outputFileListPaths = (
			);
			outputPaths = (
				"$(DERIVED_FILE_DIR)/Pods-Flix-checkManifestLockResult.txt",
			);
			runOnlyForDeploymentPostprocessing = 0;
			shellPath = /bin/sh;
			shellScript = "diff \"${PODS_PODFILE_DIR_PATH}/Podfile.lock\" \"${PODS_ROOT}/Manifest.lock\" > /dev/null\nif [ $? != 0 ] ; then\n    # print error to STDERR\n    echo \"error: The sandbox is not in sync with the Podfile.lock. Run 'pod install' or update your CocoaPods installation.\" >&2\n    exit 1\nfi\n# This output is used by Xcode 'outputs' to avoid re-running this script phase.\necho \"SUCCESS\" > \"${SCRIPT_OUTPUT_FILE_0}\"\n";
			showEnvVarsInLog = 0;
		};
		292D1A6D2F9837084779C2E3 /* [CP] Embed Pods Frameworks */ = {
			isa = PBXShellScriptBuildPhase;
			buildActionMask = 2147483647;
			files = (
			);
			inputFileListPaths = (
				"${PODS_ROOT}/Target Support Files/Pods-Flix/Pods-Flix-frameworks-${CONFIGURATION}-input-files.xcfilelist",
			);
			name = "[CP] Embed Pods Frameworks";
			outputFileListPaths = (
				"${PODS_ROOT}/Target Support Files/Pods-Flix/Pods-Flix-frameworks-${CONFIGURATION}-output-files.xcfilelist",
			);
			runOnlyForDeploymentPostprocessing = 0;
			shellPath = /bin/sh;
			shellScript = "\"${PODS_ROOT}/Target Support Files/Pods-Flix/Pods-Flix-frameworks.sh\"\n";
			showEnvVarsInLog = 0;
		};
		2E392212359AE48E009DE05A /* [CP] Embed Pods Frameworks */ = {
			isa = PBXShellScriptBuildPhase;
			buildActionMask = 2147483647;
			files = (
			);
			inputFileListPaths = (
				"${PODS_ROOT}/Target Support Files/Pods-Flix-FlixUITests/Pods-Flix-FlixUITests-frameworks-${CONFIGURATION}-input-files.xcfilelist",
			);
			name = "[CP] Embed Pods Frameworks";
			outputFileListPaths = (
				"${PODS_ROOT}/Target Support Files/Pods-Flix-FlixUITests/Pods-Flix-FlixUITests-frameworks-${CONFIGURATION}-output-files.xcfilelist",
			);
			runOnlyForDeploymentPostprocessing = 0;
			shellPath = /bin/sh;
			shellScript = "\"${PODS_ROOT}/Target Support Files/Pods-Flix-FlixUITests/Pods-Flix-FlixUITests-frameworks.sh\"\n";
			showEnvVarsInLog = 0;
		};
		7E97D383C7B97FC37C44F65B /* [CP] Check Pods Manifest.lock */ = {
			isa = PBXShellScriptBuildPhase;
			buildActionMask = 2147483647;
			files = (
			);
			inputFileListPaths = (
			);
			inputPaths = (
				"${PODS_PODFILE_DIR_PATH}/Podfile.lock",
				"${PODS_ROOT}/Manifest.lock",
			);
			name = "[CP] Check Pods Manifest.lock";
			outputFileListPaths = (
			);
			outputPaths = (
				"$(DERIVED_FILE_DIR)/Pods-FlixTests-checkManifestLockResult.txt",
			);
			runOnlyForDeploymentPostprocessing = 0;
			shellPath = /bin/sh;
			shellScript = "diff \"${PODS_PODFILE_DIR_PATH}/Podfile.lock\" \"${PODS_ROOT}/Manifest.lock\" > /dev/null\nif [ $? != 0 ] ; then\n    # print error to STDERR\n    echo \"error: The sandbox is not in sync with the Podfile.lock. Run 'pod install' or update your CocoaPods installation.\" >&2\n    exit 1\nfi\n# This output is used by Xcode 'outputs' to avoid re-running this script phase.\necho \"SUCCESS\" > \"${SCRIPT_OUTPUT_FILE_0}\"\n";
			showEnvVarsInLog = 0;
		};
/* End PBXShellScriptBuildPhase section */

/* Begin PBXSourcesBuildPhase section */
		B24A512B2358D8F8007300A5 /* Sources */ = {
			isa = PBXSourcesBuildPhase;
			buildActionMask = 2147483647;
			files = (
				B287AA4C235D4655002874D7 /* MovieDetailsViewController.swift in Sources */,
				B25B016E2362987600562EFD /* SuperheroDetailsViewController.swift in Sources */,
				B24A51332358D8F8007300A5 /* AppDelegate.swift in Sources */,
				B24A51352358D8F8007300A5 /* SceneDelegate.swift in Sources */,
				B24A51672358F522007300A5 /* MovieCell.swift in Sources */,
				B24A51652358DA69007300A5 /* MoviesViewController.swift in Sources */,
				B287AA6E235FE90C002874D7 /* MovieGridViewController.swift in Sources */,
				B287AA70235FFDA4002874D7 /* MovieGridCell.swift in Sources */,
			);
			runOnlyForDeploymentPostprocessing = 0;
		};
		B24A51412358D8FB007300A5 /* Sources */ = {
			isa = PBXSourcesBuildPhase;
			buildActionMask = 2147483647;
			files = (
				B24A514A2358D8FB007300A5 /* FlixTests.swift in Sources */,
			);
			runOnlyForDeploymentPostprocessing = 0;
		};
		B24A514C2358D8FB007300A5 /* Sources */ = {
			isa = PBXSourcesBuildPhase;
			buildActionMask = 2147483647;
			files = (
				B24A51552358D8FB007300A5 /* FlixUITests.swift in Sources */,
			);
			runOnlyForDeploymentPostprocessing = 0;
		};
/* End PBXSourcesBuildPhase section */

/* Begin PBXTargetDependency section */
		B24A51472358D8FB007300A5 /* PBXTargetDependency */ = {
			isa = PBXTargetDependency;
			target = B24A512E2358D8F8007300A5 /* Flix */;
			targetProxy = B24A51462358D8FB007300A5 /* PBXContainerItemProxy */;
		};
		B24A51522358D8FB007300A5 /* PBXTargetDependency */ = {
			isa = PBXTargetDependency;
			target = B24A512E2358D8F8007300A5 /* Flix */;
			targetProxy = B24A51512358D8FB007300A5 /* PBXContainerItemProxy */;
		};
/* End PBXTargetDependency section */

/* Begin PBXVariantGroup section */
		B24A51382358D8F8007300A5 /* Main.storyboard */ = {
			isa = PBXVariantGroup;
			children = (
				B24A51392358D8F8007300A5 /* Base */,
			);
			name = Main.storyboard;
			sourceTree = "<group>";
		};
		B24A513D2358D8FB007300A5 /* LaunchScreen.storyboard */ = {
			isa = PBXVariantGroup;
			children = (
				B24A513E2358D8FB007300A5 /* Base */,
			);
			name = LaunchScreen.storyboard;
			sourceTree = "<group>";
		};
/* End PBXVariantGroup section */

/* Begin XCBuildConfiguration section */
		B24A51572358D8FB007300A5 /* Debug */ = {
			isa = XCBuildConfiguration;
			buildSettings = {
				ALWAYS_SEARCH_USER_PATHS = NO;
				CLANG_ANALYZER_NONNULL = YES;
				CLANG_ANALYZER_NUMBER_OBJECT_CONVERSION = YES_AGGRESSIVE;
				CLANG_CXX_LANGUAGE_STANDARD = "gnu++14";
				CLANG_CXX_LIBRARY = "libc++";
				CLANG_ENABLE_MODULES = YES;
				CLANG_ENABLE_OBJC_ARC = YES;
				CLANG_ENABLE_OBJC_WEAK = YES;
				CLANG_WARN_BLOCK_CAPTURE_AUTORELEASING = YES;
				CLANG_WARN_BOOL_CONVERSION = YES;
				CLANG_WARN_COMMA = YES;
				CLANG_WARN_CONSTANT_CONVERSION = YES;
				CLANG_WARN_DEPRECATED_OBJC_IMPLEMENTATIONS = YES;
				CLANG_WARN_DIRECT_OBJC_ISA_USAGE = YES_ERROR;
				CLANG_WARN_DOCUMENTATION_COMMENTS = YES;
				CLANG_WARN_EMPTY_BODY = YES;
				CLANG_WARN_ENUM_CONVERSION = YES;
				CLANG_WARN_INFINITE_RECURSION = YES;
				CLANG_WARN_INT_CONVERSION = YES;
				CLANG_WARN_NON_LITERAL_NULL_CONVERSION = YES;
				CLANG_WARN_OBJC_IMPLICIT_RETAIN_SELF = YES;
				CLANG_WARN_OBJC_LITERAL_CONVERSION = YES;
				CLANG_WARN_OBJC_ROOT_CLASS = YES_ERROR;
				CLANG_WARN_RANGE_LOOP_ANALYSIS = YES;
				CLANG_WARN_STRICT_PROTOTYPES = YES;
				CLANG_WARN_SUSPICIOUS_MOVE = YES;
				CLANG_WARN_UNGUARDED_AVAILABILITY = YES_AGGRESSIVE;
				CLANG_WARN_UNREACHABLE_CODE = YES;
				CLANG_WARN__DUPLICATE_METHOD_MATCH = YES;
				COPY_PHASE_STRIP = NO;
				DEBUG_INFORMATION_FORMAT = dwarf;
				ENABLE_STRICT_OBJC_MSGSEND = YES;
				ENABLE_TESTABILITY = YES;
				GCC_C_LANGUAGE_STANDARD = gnu11;
				GCC_DYNAMIC_NO_PIC = NO;
				GCC_NO_COMMON_BLOCKS = YES;
				GCC_OPTIMIZATION_LEVEL = 0;
				GCC_PREPROCESSOR_DEFINITIONS = (
					"DEBUG=1",
					"$(inherited)",
				);
				GCC_WARN_64_TO_32_BIT_CONVERSION = YES;
				GCC_WARN_ABOUT_RETURN_TYPE = YES_ERROR;
				GCC_WARN_UNDECLARED_SELECTOR = YES;
				GCC_WARN_UNINITIALIZED_AUTOS = YES_AGGRESSIVE;
				GCC_WARN_UNUSED_FUNCTION = YES;
				GCC_WARN_UNUSED_VARIABLE = YES;
				IPHONEOS_DEPLOYMENT_TARGET = 13.1;
				MTL_ENABLE_DEBUG_INFO = INCLUDE_SOURCE;
				MTL_FAST_MATH = YES;
				ONLY_ACTIVE_ARCH = YES;
				SDKROOT = iphoneos;
				SWIFT_ACTIVE_COMPILATION_CONDITIONS = DEBUG;
				SWIFT_OPTIMIZATION_LEVEL = "-Onone";
			};
			name = Debug;
		};
		B24A51582358D8FB007300A5 /* Release */ = {
			isa = XCBuildConfiguration;
			buildSettings = {
				ALWAYS_SEARCH_USER_PATHS = NO;
				CLANG_ANALYZER_NONNULL = YES;
				CLANG_ANALYZER_NUMBER_OBJECT_CONVERSION = YES_AGGRESSIVE;
				CLANG_CXX_LANGUAGE_STANDARD = "gnu++14";
				CLANG_CXX_LIBRARY = "libc++";
				CLANG_ENABLE_MODULES = YES;
				CLANG_ENABLE_OBJC_ARC = YES;
				CLANG_ENABLE_OBJC_WEAK = YES;
				CLANG_WARN_BLOCK_CAPTURE_AUTORELEASING = YES;
				CLANG_WARN_BOOL_CONVERSION = YES;
				CLANG_WARN_COMMA = YES;
				CLANG_WARN_CONSTANT_CONVERSION = YES;
				CLANG_WARN_DEPRECATED_OBJC_IMPLEMENTATIONS = YES;
				CLANG_WARN_DIRECT_OBJC_ISA_USAGE = YES_ERROR;
				CLANG_WARN_DOCUMENTATION_COMMENTS = YES;
				CLANG_WARN_EMPTY_BODY = YES;
				CLANG_WARN_ENUM_CONVERSION = YES;
				CLANG_WARN_INFINITE_RECURSION = YES;
				CLANG_WARN_INT_CONVERSION = YES;
				CLANG_WARN_NON_LITERAL_NULL_CONVERSION = YES;
				CLANG_WARN_OBJC_IMPLICIT_RETAIN_SELF = YES;
				CLANG_WARN_OBJC_LITERAL_CONVERSION = YES;
				CLANG_WARN_OBJC_ROOT_CLASS = YES_ERROR;
				CLANG_WARN_RANGE_LOOP_ANALYSIS = YES;
				CLANG_WARN_STRICT_PROTOTYPES = YES;
				CLANG_WARN_SUSPICIOUS_MOVE = YES;
				CLANG_WARN_UNGUARDED_AVAILABILITY = YES_AGGRESSIVE;
				CLANG_WARN_UNREACHABLE_CODE = YES;
				CLANG_WARN__DUPLICATE_METHOD_MATCH = YES;
				COPY_PHASE_STRIP = NO;
				DEBUG_INFORMATION_FORMAT = "dwarf-with-dsym";
				ENABLE_NS_ASSERTIONS = NO;
				ENABLE_STRICT_OBJC_MSGSEND = YES;
				GCC_C_LANGUAGE_STANDARD = gnu11;
				GCC_NO_COMMON_BLOCKS = YES;
				GCC_WARN_64_TO_32_BIT_CONVERSION = YES;
				GCC_WARN_ABOUT_RETURN_TYPE = YES_ERROR;
				GCC_WARN_UNDECLARED_SELECTOR = YES;
				GCC_WARN_UNINITIALIZED_AUTOS = YES_AGGRESSIVE;
				GCC_WARN_UNUSED_FUNCTION = YES;
				GCC_WARN_UNUSED_VARIABLE = YES;
				IPHONEOS_DEPLOYMENT_TARGET = 13.1;
				MTL_ENABLE_DEBUG_INFO = NO;
				MTL_FAST_MATH = YES;
				SDKROOT = iphoneos;
				SWIFT_COMPILATION_MODE = wholemodule;
				SWIFT_OPTIMIZATION_LEVEL = "-O";
				VALIDATE_PRODUCT = YES;
			};
			name = Release;
		};
		B24A515A2358D8FB007300A5 /* Debug */ = {
			isa = XCBuildConfiguration;
			baseConfigurationReference = 944040C064718879A26845AA /* Pods-Flix.debug.xcconfig */;
			buildSettings = {
				ASSETCATALOG_COMPILER_APPICON_NAME = AppIcon;
				CODE_SIGN_STYLE = Automatic;
				INFOPLIST_FILE = Flix/Info.plist;
				LD_RUNPATH_SEARCH_PATHS = (
					"$(inherited)",
					"@executable_path/Frameworks",
				);
				PRODUCT_BUNDLE_IDENTIFIER = Abdison.Flix;
				PRODUCT_NAME = "$(TARGET_NAME)";
				SWIFT_VERSION = 5.0;
				TARGETED_DEVICE_FAMILY = "1,2";
			};
			name = Debug;
		};
		B24A515B2358D8FB007300A5 /* Release */ = {
			isa = XCBuildConfiguration;
			baseConfigurationReference = 501C54520B2F9A92A269A025 /* Pods-Flix.release.xcconfig */;
			buildSettings = {
				ASSETCATALOG_COMPILER_APPICON_NAME = AppIcon;
				CODE_SIGN_STYLE = Automatic;
				INFOPLIST_FILE = Flix/Info.plist;
				LD_RUNPATH_SEARCH_PATHS = (
					"$(inherited)",
					"@executable_path/Frameworks",
				);
				PRODUCT_BUNDLE_IDENTIFIER = Abdison.Flix;
				PRODUCT_NAME = "$(TARGET_NAME)";
				SWIFT_VERSION = 5.0;
				TARGETED_DEVICE_FAMILY = "1,2";
			};
			name = Release;
		};
		B24A515D2358D8FB007300A5 /* Debug */ = {
			isa = XCBuildConfiguration;
			baseConfigurationReference = D819F18930D404FE043E61F5 /* Pods-FlixTests.debug.xcconfig */;
			buildSettings = {
				ALWAYS_EMBED_SWIFT_STANDARD_LIBRARIES = YES;
				BUNDLE_LOADER = "$(TEST_HOST)";
				CODE_SIGN_STYLE = Automatic;
				INFOPLIST_FILE = FlixTests/Info.plist;
				IPHONEOS_DEPLOYMENT_TARGET = 13.1;
				LD_RUNPATH_SEARCH_PATHS = (
					"$(inherited)",
					"@executable_path/Frameworks",
					"@loader_path/Frameworks",
				);
				PRODUCT_BUNDLE_IDENTIFIER = Abdison.FlixTests;
				PRODUCT_NAME = "$(TARGET_NAME)";
				SWIFT_VERSION = 5.0;
				TARGETED_DEVICE_FAMILY = "1,2";
				TEST_HOST = "$(BUILT_PRODUCTS_DIR)/Flix.app/Flix";
			};
			name = Debug;
		};
		B24A515E2358D8FB007300A5 /* Release */ = {
			isa = XCBuildConfiguration;
			baseConfigurationReference = CD9674484DE30D97A44929C4 /* Pods-FlixTests.release.xcconfig */;
			buildSettings = {
				ALWAYS_EMBED_SWIFT_STANDARD_LIBRARIES = YES;
				BUNDLE_LOADER = "$(TEST_HOST)";
				CODE_SIGN_STYLE = Automatic;
				INFOPLIST_FILE = FlixTests/Info.plist;
				IPHONEOS_DEPLOYMENT_TARGET = 13.1;
				LD_RUNPATH_SEARCH_PATHS = (
					"$(inherited)",
					"@executable_path/Frameworks",
					"@loader_path/Frameworks",
				);
				PRODUCT_BUNDLE_IDENTIFIER = Abdison.FlixTests;
				PRODUCT_NAME = "$(TARGET_NAME)";
				SWIFT_VERSION = 5.0;
				TARGETED_DEVICE_FAMILY = "1,2";
				TEST_HOST = "$(BUILT_PRODUCTS_DIR)/Flix.app/Flix";
			};
			name = Release;
		};
		B24A51602358D8FB007300A5 /* Debug */ = {
			isa = XCBuildConfiguration;
			baseConfigurationReference = 962B6B3F43E8594503E85EDE /* Pods-Flix-FlixUITests.debug.xcconfig */;
			buildSettings = {
				ALWAYS_EMBED_SWIFT_STANDARD_LIBRARIES = YES;
				CODE_SIGN_STYLE = Automatic;
				INFOPLIST_FILE = FlixUITests/Info.plist;
				LD_RUNPATH_SEARCH_PATHS = (
					"$(inherited)",
					"@executable_path/Frameworks",
					"@loader_path/Frameworks",
				);
				PRODUCT_BUNDLE_IDENTIFIER = Abdison.FlixUITests;
				PRODUCT_NAME = "$(TARGET_NAME)";
				SWIFT_VERSION = 5.0;
				TARGETED_DEVICE_FAMILY = "1,2";
				TEST_TARGET_NAME = Flix;
			};
			name = Debug;
		};
		B24A51612358D8FB007300A5 /* Release */ = {
			isa = XCBuildConfiguration;
			baseConfigurationReference = CFE7872563E28E3694921C24 /* Pods-Flix-FlixUITests.release.xcconfig */;
			buildSettings = {
				ALWAYS_EMBED_SWIFT_STANDARD_LIBRARIES = YES;
				CODE_SIGN_STYLE = Automatic;
				INFOPLIST_FILE = FlixUITests/Info.plist;
				LD_RUNPATH_SEARCH_PATHS = (
					"$(inherited)",
					"@executable_path/Frameworks",
					"@loader_path/Frameworks",
				);
				PRODUCT_BUNDLE_IDENTIFIER = Abdison.FlixUITests;
				PRODUCT_NAME = "$(TARGET_NAME)";
				SWIFT_VERSION = 5.0;
				TARGETED_DEVICE_FAMILY = "1,2";
				TEST_TARGET_NAME = Flix;
			};
			name = Release;
		};
/* End XCBuildConfiguration section */

/* Begin XCConfigurationList section */
		B24A512A2358D8F8007300A5 /* Build configuration list for PBXProject "Flix" */ = {
			isa = XCConfigurationList;
			buildConfigurations = (
				B24A51572358D8FB007300A5 /* Debug */,
				B24A51582358D8FB007300A5 /* Release */,
			);
			defaultConfigurationIsVisible = 0;
			defaultConfigurationName = Release;
		};
		B24A51592358D8FB007300A5 /* Build configuration list for PBXNativeTarget "Flix" */ = {
			isa = XCConfigurationList;
			buildConfigurations = (
				B24A515A2358D8FB007300A5 /* Debug */,
				B24A515B2358D8FB007300A5 /* Release */,
			);
			defaultConfigurationIsVisible = 0;
			defaultConfigurationName = Release;
		};
		B24A515C2358D8FB007300A5 /* Build configuration list for PBXNativeTarget "FlixTests" */ = {
			isa = XCConfigurationList;
			buildConfigurations = (
				B24A515D2358D8FB007300A5 /* Debug */,
				B24A515E2358D8FB007300A5 /* Release */,
			);
			defaultConfigurationIsVisible = 0;
			defaultConfigurationName = Release;
		};
		B24A515F2358D8FB007300A5 /* Build configuration list for PBXNativeTarget "FlixUITests" */ = {
			isa = XCConfigurationList;
			buildConfigurations = (
				B24A51602358D8FB007300A5 /* Debug */,
				B24A51612358D8FB007300A5 /* Release */,
			);
			defaultConfigurationIsVisible = 0;
			defaultConfigurationName = Release;
		};
/* End XCConfigurationList section */
	};
	rootObject = B24A51272358D8F8007300A5 /* Project object */;
}
